PODS:
  - CetusDesignToken (0.1.11)

DEPENDENCIES:
  - CetusDesignToken (from `https://github.com/miraeducation/0101-ds`, tag `0.1.11`)

EXTERNAL SOURCES:
  CetusDesignToken:
    :git: https://github.com/miraeducation/0101-ds
    :tag: 0.1.11

CHECKOUT OPTIONS:
  CetusDesignToken:
    :git: https://github.com/miraeducation/0101-ds
    :tag: 0.1.11

SPEC CHECKSUMS:
  CetusDesignToken: c79bc4517a5adbbf9a7189a55835f56a709c9a02

PODFILE CHECKSUM: fe4b82e92650e4b96ae23e9a696f6d154303762b

COCOAPODS: 1.5.3
