PODS:
  - StyleDictionary (0.1.0)

DEPENDENCIES:
  - StyleDictionary (from `https://github.com/ramonilho/custom-style-dictionary`, tag `0.1.0`)

EXTERNAL SOURCES:
  StyleDictionary:
    :git: https://github.com/ramonilho/custom-style-dictionary
    :tag: 0.1.0

CHECKOUT OPTIONS:
  StyleDictionary:
    :git: https://github.com/ramonilho/custom-style-dictionary
    :tag: 0.1.0

SPEC CHECKSUMS:
  StyleDictionary: f41e8cf583e6292628af89e99ce24a95dc7c8d9f

PODFILE CHECKSUM: e838ede414a2e3d0af01360094f92b62805cea61

COCOAPODS: 1.5.3
